%{"calendar": {:hex, :calendar, "0.12.4"},
  "certifi": {:hex, :certifi, "0.4.0"},
  "hackney": {:hex, :hackney, "1.5.7"},
  "httpoison": {:hex, :httpoison, "0.8.2"},
  "idna": {:hex, :idna, "1.2.0"},
  "metrics": {:hex, :metrics, "1.0.1"},
  "mimerl": {:hex, :mimerl, "1.0.2"},
  "parallel": {:git, "https://github.com/eproxus/parallel.git", "08337182573befc55f4aea835b0f68c686d57002", []},
  "ssl_verify_fun": {:hex, :ssl_verify_fun, "1.1.0"},
  "tzdata": {:hex, :tzdata, "0.5.7"}}
